
Microsoft Visual Studio Solution File, Format Version 12.00
# Visual Studio Version 16
VisualStudioVersion = 16.0.29911.84
MinimumVisualStudioVersion = 10.0.40219.1
Project("{FAE04EC0-301F-11D3-BF4B-00C04F79EFBC}") = "FastDB.NET", "FastDB.NET\FastDB.NET.csproj", "{39CAD585-0F34-4C68-A726-4EA1EEAFA7F1}"
EndProject
Project("{FAE04EC0-301F-11D3-BF4B-00C04F79EFBC}") = "FastDB.NET_Test", "FastDB.NET_Test\FastDB.NET_Test.csproj", "{73ABFDFC-D809-47CC-86CD-F9CF256D3B5A}"
EndProject
Project("{FAE04EC0-301F-11D3-BF4B-00C04F79EFBC}") = "FastDB.NET_Browser", "FastDB.NET_Browser\FastDB.NET_Browser.csproj", "{9B0B4B63-1C53-4F8A-960B-44E78F92E28A}"
EndProject
Global
	GlobalSection(SolutionConfigurationPlatforms) = preSolution
		Debug|Any CPU = Debug|Any CPU
		Release|Any CPU = Release|Any CPU
	EndGlobalSection
	GlobalSection(ProjectConfigurationPlatforms) = postSolution
		{39CAD585-0F34-4C68-A726-4EA1EEAFA7F1}.Debug|Any CPU.ActiveCfg = Debug|Any CPU
		{39CAD585-0F34-4C68-A726-4EA1EEAFA7F1}.Debug|Any CPU.Build.0 = Debug|Any CPU
		{39CAD585-0F34-4C68-A726-4EA1EEAFA7F1}.Release|Any CPU.ActiveCfg = Release|Any CPU
		{39CAD585-0F34-4C68-A726-4EA1EEAFA7F1}.Release|Any CPU.Build.0 = Release|Any CPU
		{73ABFDFC-D809-47CC-86CD-F9CF256D3B5A}.Debug|Any CPU.ActiveCfg = Debug|Any CPU
		{73ABFDFC-D809-47CC-86CD-F9CF256D3B5A}.Debug|Any CPU.Build.0 = Debug|Any CPU
		{73ABFDFC-D809-47CC-86CD-F9CF256D3B5A}.Release|Any CPU.ActiveCfg = Release|Any CPU
		{73ABFDFC-D809-47CC-86CD-F9CF256D3B5A}.Release|Any CPU.Build.0 = Release|Any CPU
		{9B0B4B63-1C53-4F8A-960B-44E78F92E28A}.Debug|Any CPU.ActiveCfg = Debug|Any CPU
		{9B0B4B63-1C53-4F8A-960B-44E78F92E28A}.Debug|Any CPU.Build.0 = Debug|Any CPU
		{9B0B4B63-1C53-4F8A-960B-44E78F92E28A}.Release|Any CPU.ActiveCfg = Release|Any CPU
		{9B0B4B63-1C53-4F8A-960B-44E78F92E28A}.Release|Any CPU.Build.0 = Release|Any CPU
	EndGlobalSection
	GlobalSection(SolutionProperties) = preSolution
		HideSolutionNode = FALSE
	EndGlobalSection
	GlobalSection(ExtensibilityGlobals) = postSolution
		SolutionGuid = {86451443-BE26-4878-99F9-34BC3C5895F0}
	EndGlobalSection
EndGlobal
