
Microsoft Visual Studio Solution File, Format Version 12.00
# Visual Studio Version 16
VisualStudioVersion = 16.0.29911.84
MinimumVisualStudioVersion = 10.0.40219.1
Project("{9A19103F-16F7-4668-BE54-9A1E7A4F7556}") = "FastDB.NET", "FastDB.NET\FastDB.NET.csproj", "{F08972BB-9DEF-47E1-9A45-1CEAADB62579}"
EndProject
Project("{FAE04EC0-301F-11D3-BF4B-00C04F79EFBC}") = "FastDB.NET_Test", "FastDB.NET_Test\FastDB.NET_Test.csproj", "{1C97D1C6-94C2-4BB1-BA71-88C1BEDB8B3B}"
EndProject
Global
	GlobalSection(SolutionConfigurationPlatforms) = preSolution
		Debug|Any CPU = Debug|Any CPU
		Release|Any CPU = Release|Any CPU
	EndGlobalSection
	GlobalSection(ProjectConfigurationPlatforms) = postSolution
		{F08972BB-9DEF-47E1-9A45-1CEAADB62579}.Debug|Any CPU.ActiveCfg = Debug|Any CPU
		{F08972BB-9DEF-47E1-9A45-1CEAADB62579}.Debug|Any CPU.Build.0 = Debug|Any CPU
		{F08972BB-9DEF-47E1-9A45-1CEAADB62579}.Release|Any CPU.ActiveCfg = Release|Any CPU
		{F08972BB-9DEF-47E1-9A45-1CEAADB62579}.Release|Any CPU.Build.0 = Release|Any CPU
		{1C97D1C6-94C2-4BB1-BA71-88C1BEDB8B3B}.Debug|Any CPU.ActiveCfg = Debug|Any CPU
		{1C97D1C6-94C2-4BB1-BA71-88C1BEDB8B3B}.Debug|Any CPU.Build.0 = Debug|Any CPU
		{1C97D1C6-94C2-4BB1-BA71-88C1BEDB8B3B}.Release|Any CPU.ActiveCfg = Release|Any CPU
		{1C97D1C6-94C2-4BB1-BA71-88C1BEDB8B3B}.Release|Any CPU.Build.0 = Release|Any CPU
	EndGlobalSection
	GlobalSection(SolutionProperties) = preSolution
		HideSolutionNode = FALSE
	EndGlobalSection
	GlobalSection(ExtensibilityGlobals) = postSolution
		SolutionGuid = {86451443-BE26-4878-99F9-34BC3C5895F0}
	EndGlobalSection
EndGlobal
